
Microsoft Visual Studio Solution File, Format Version 12.00
# Visual Studio 15
VisualStudioVersion = 15.0.28307.572
MinimumVisualStudioVersion = 10.0.40219.1
Project("{FAE04EC0-301F-11D3-BF4B-00C04F79EFBC}") = "MiniprofilerSwagger", "MiniprofilerSwagger\MiniprofilerSwagger.csproj", "{1DFB2A22-3937-48E0-B299-6E86DB5C323A}"
EndProject
Global
	GlobalSection(SolutionConfigurationPlatforms) = preSolution
		Debug|Any CPU = Debug|Any CPU
		Release|Any CPU = Release|Any CPU
	EndGlobalSection
	GlobalSection(ProjectConfigurationPlatforms) = postSolution
		{1DFB2A22-3937-48E0-B299-6E86DB5C323A}.Debug|Any CPU.ActiveCfg = Debug|Any CPU
		{1DFB2A22-3937-48E0-B299-6E86DB5C323A}.Debug|Any CPU.Build.0 = Debug|Any CPU
		{1DFB2A22-3937-48E0-B299-6E86DB5C323A}.Release|Any CPU.ActiveCfg = Release|Any CPU
		{1DFB2A22-3937-48E0-B299-6E86DB5C323A}.Release|Any CPU.Build.0 = Release|Any CPU
	EndGlobalSection
	GlobalSection(SolutionProperties) = preSolution
		HideSolutionNode = FALSE
	EndGlobalSection
	GlobalSection(ExtensibilityGlobals) = postSolution
		SolutionGuid = {B0B7B0CB-605E-401A-BE5F-63B6C01FDD82}
	EndGlobalSection
EndGlobal
